{
  "version": "3",
  "packages": {
    "specifiers": {
      "jsr:@nhttp/nhttp@^2.0.2": "jsr:@nhttp/nhttp@2.0.2",
      "jsr:@std/fs@^1.0.4": "jsr:@std/fs@1.0.4",
      "jsr:@std/path@^1.0.6": "jsr:@std/path@1.0.6",
      "npm:@prescott/geo-pattern@^1.0.1": "npm:@prescott/geo-pattern@1.0.1",
      "npm:@resvg/resvg-js": "npm:@resvg/resvg-js@2.6.2",
      "npm:@resvg/resvg-js@2.6.2": "npm:@resvg/resvg-js@2.6.2",
      "npm:@types/node": "npm:@types/node@18.16.19"
    },
    "jsr": {
      "@nhttp/nhttp@2.0.2": {
        "integrity": "3f792cf5681c56d10e6fafa6c1c5f438b45dcba8037b08d5e593771aa6b3ebf8"
      },
      "@std/fs@1.0.4": {
        "integrity": "2907d32d8d1d9e540588fd5fe0ec21ee638134bd51df327ad4e443aaef07123c",
        "dependencies": [
          "jsr:@std/path@^1.0.6"
        ]
      },
      "@std/path@1.0.6": {
        "integrity": "ab2c55f902b380cf28e0eec501b4906e4c1960d13f00e11cfbcd21de15f18fed"
      }
    },
    "npm": {
      "@prescott/geo-pattern@1.0.1": {
        "integrity": "sha512-gUCoapmr2aUKCWB2W6cEbxnXk+20k+nFgzdQqivpcS3JAixdnUogF9puT49X2LNxQFzWVsinPCKnouxLuaIXUg==",
        "dependencies": {
          "@types/color": "@types/color@3.0.6",
          "color": "color@3.2.1",
          "tiny-sha1": "tiny-sha1@0.2.1"
        }
      },
      "@resvg/resvg-js-android-arm-eabi@2.6.2": {
        "integrity": "sha512-FrJibrAk6v29eabIPgcTUMPXiEz8ssrAk7TXxsiZzww9UTQ1Z5KAbFJs+Z0Ez+VZTYgnE5IQJqBcoSiMebtPHA==",
        "dependencies": {}
      },
      "@resvg/resvg-js-android-arm64@2.6.2": {
        "integrity": "sha512-VcOKezEhm2VqzXpcIJoITuvUS/fcjIw5NA/w3tjzWyzmvoCdd+QXIqy3FBGulWdClvp4g+IfUemigrkLThSjAQ==",
        "dependencies": {}
      },
      "@resvg/resvg-js-darwin-arm64@2.6.2": {
        "integrity": "sha512-nmok2LnAd6nLUKI16aEB9ydMC6Lidiiq2m1nEBDR1LaaP7FGs4AJ90qDraxX+CWlVuRlvNjyYJTNv8qFjtL9+A==",
        "dependencies": {}
      },
      "@resvg/resvg-js-darwin-x64@2.6.2": {
        "integrity": "sha512-GInyZLjgWDfsVT6+SHxQVRwNzV0AuA1uqGsOAW+0th56J7Nh6bHHKXHBWzUrihxMetcFDmQMAX1tZ1fZDYSRsw==",
        "dependencies": {}
      },
      "@resvg/resvg-js-linux-arm-gnueabihf@2.6.2": {
        "integrity": "sha512-YIV3u/R9zJbpqTTNwTZM5/ocWetDKGsro0SWp70eGEM9eV2MerWyBRZnQIgzU3YBnSBQ1RcxRZvY/UxwESfZIw==",
        "dependencies": {}
      },
      "@resvg/resvg-js-linux-arm64-gnu@2.6.2": {
        "integrity": "sha512-zc2BlJSim7YR4FZDQ8OUoJg5holYzdiYMeobb9pJuGDidGL9KZUv7SbiD4E8oZogtYY42UZEap7dqkkYuA91pg==",
        "dependencies": {}
      },
      "@resvg/resvg-js-linux-arm64-musl@2.6.2": {
        "integrity": "sha512-3h3dLPWNgSsD4lQBJPb4f+kvdOSJHa5PjTYVsWHxLUzH4IFTJUAnmuWpw4KqyQ3NA5QCyhw4TWgxk3jRkQxEKg==",
        "dependencies": {}
      },
      "@resvg/resvg-js-linux-x64-gnu@2.6.2": {
        "integrity": "sha512-IVUe+ckIerA7xMZ50duAZzwf1U7khQe2E0QpUxu5MBJNao5RqC0zwV/Zm965vw6D3gGFUl7j4m+oJjubBVoftw==",
        "dependencies": {}
      },
      "@resvg/resvg-js-linux-x64-musl@2.6.2": {
        "integrity": "sha512-UOf83vqTzoYQO9SZ0fPl2ZIFtNIz/Rr/y+7X8XRX1ZnBYsQ/tTb+cj9TE+KHOdmlTFBxhYzVkP2lRByCzqi4jQ==",
        "dependencies": {}
      },
      "@resvg/resvg-js-win32-arm64-msvc@2.6.2": {
        "integrity": "sha512-7C/RSgCa+7vqZ7qAbItfiaAWhyRSoD4l4BQAbVDqRRsRgY+S+hgS3in0Rxr7IorKUpGE69X48q6/nOAuTJQxeQ==",
        "dependencies": {}
      },
      "@resvg/resvg-js-win32-ia32-msvc@2.6.2": {
        "integrity": "sha512-har4aPAlvjnLcil40AC77YDIk6loMawuJwFINEM7n0pZviwMkMvjb2W5ZirsNOZY4aDbo5tLx0wNMREp5Brk+w==",
        "dependencies": {}
      },
      "@resvg/resvg-js-win32-x64-msvc@2.6.2": {
        "integrity": "sha512-ZXtYhtUr5SSaBrUDq7DiyjOFJqBVL/dOBN7N/qmi/pO0IgiWW/f/ue3nbvu9joWE5aAKDoIzy/CxsY0suwGosQ==",
        "dependencies": {}
      },
      "@resvg/resvg-js@2.6.2": {
        "integrity": "sha512-xBaJish5OeGmniDj9cW5PRa/PtmuVU3ziqrbr5xJj901ZDN4TosrVaNZpEiLZAxdfnhAe7uQ7QFWfjPe9d9K2Q==",
        "dependencies": {
          "@resvg/resvg-js-android-arm-eabi": "@resvg/resvg-js-android-arm-eabi@2.6.2",
          "@resvg/resvg-js-android-arm64": "@resvg/resvg-js-android-arm64@2.6.2",
          "@resvg/resvg-js-darwin-arm64": "@resvg/resvg-js-darwin-arm64@2.6.2",
          "@resvg/resvg-js-darwin-x64": "@resvg/resvg-js-darwin-x64@2.6.2",
          "@resvg/resvg-js-linux-arm-gnueabihf": "@resvg/resvg-js-linux-arm-gnueabihf@2.6.2",
          "@resvg/resvg-js-linux-arm64-gnu": "@resvg/resvg-js-linux-arm64-gnu@2.6.2",
          "@resvg/resvg-js-linux-arm64-musl": "@resvg/resvg-js-linux-arm64-musl@2.6.2",
          "@resvg/resvg-js-linux-x64-gnu": "@resvg/resvg-js-linux-x64-gnu@2.6.2",
          "@resvg/resvg-js-linux-x64-musl": "@resvg/resvg-js-linux-x64-musl@2.6.2",
          "@resvg/resvg-js-win32-arm64-msvc": "@resvg/resvg-js-win32-arm64-msvc@2.6.2",
          "@resvg/resvg-js-win32-ia32-msvc": "@resvg/resvg-js-win32-ia32-msvc@2.6.2",
          "@resvg/resvg-js-win32-x64-msvc": "@resvg/resvg-js-win32-x64-msvc@2.6.2"
        }
      },
      "@types/color-convert@2.0.4": {
        "integrity": "sha512-Ub1MmDdyZ7mX//g25uBAoH/mWGd9swVbt8BseymnaE18SU4po/PjmCrHxqIIRjBo3hV/vh1KGr0eMxUhp+t+dQ==",
        "dependencies": {
          "@types/color-name": "@types/color-name@1.1.5"
        }
      },
      "@types/color-name@1.1.5": {
        "integrity": "sha512-j2K5UJqGTxeesj6oQuGpMgifpT5k9HprgQd8D1Y0lOFqKHl3PJu5GMeS4Y5EgjS55AE6OQxf8mPED9uaGbf4Cg==",
        "dependencies": {}
      },
      "@types/color@3.0.6": {
        "integrity": "sha512-NMiNcZFRUAiUUCCf7zkAelY8eV3aKqfbzyFQlXpPIEeoNDbsEHGpb854V3gzTsGKYj830I5zPuOwU/TP5/cW6A==",
        "dependencies": {
          "@types/color-convert": "@types/color-convert@2.0.4"
        }
      },
      "@types/node@18.16.19": {
        "integrity": "sha512-IXl7o+R9iti9eBW4Wg2hx1xQDig183jj7YLn8F7udNceyfkbn1ZxmzZXuak20gR40D7pIkIY1kYGx5VIGbaHKA==",
        "dependencies": {}
      },
      "color-convert@1.9.3": {
        "integrity": "sha512-QfAUtd+vFdAtFQcC8CCyYt1fYWxSqAiK2cSD6zDB8N3cpsEBAvRxp9zOGg6G/SHHJYAT88/az/IuDGALsNVbGg==",
        "dependencies": {
          "color-name": "color-name@1.1.3"
        }
      },
      "color-name@1.1.3": {
        "integrity": "sha512-72fSenhMw2HZMTVHeCA9KCmpEIbzWiQsjN+BHcBbS9vr1mtt+vJjPdksIBNUmKAW8TFUDPJK5SUU3QhE9NEXDw==",
        "dependencies": {}
      },
      "color-string@1.9.1": {
        "integrity": "sha512-shrVawQFojnZv6xM40anx4CkoDP+fZsw/ZerEMsW/pyzsRbElpsL/DBVW7q3ExxwusdNXI3lXpuhEZkzs8p5Eg==",
        "dependencies": {
          "color-name": "color-name@1.1.3",
          "simple-swizzle": "simple-swizzle@0.2.2"
        }
      },
      "color@3.2.1": {
        "integrity": "sha512-aBl7dZI9ENN6fUGC7mWpMTPNHmWUSNan9tuWN6ahh5ZLNk9baLJOnSMlrQkHcrfFgz2/RigjUVAjdx36VcemKA==",
        "dependencies": {
          "color-convert": "color-convert@1.9.3",
          "color-string": "color-string@1.9.1"
        }
      },
      "is-arrayish@0.3.2": {
        "integrity": "sha512-eVRqCvVlZbuw3GrM63ovNSNAeA1K16kaR/LRY/92w0zxQ5/1YzwblUX652i4Xs9RwAGjW9d9y6X88t8OaAJfWQ==",
        "dependencies": {}
      },
      "simple-swizzle@0.2.2": {
        "integrity": "sha512-JA//kQgZtbuY83m+xT+tXJkmJncGMTFT+C+g2h2R9uxkYIrE2yy9sgmcLhCnw57/WSD+Eh3J97FPEDFnbXnDUg==",
        "dependencies": {
          "is-arrayish": "is-arrayish@0.3.2"
        }
      },
      "tiny-sha1@0.2.1": {
        "integrity": "sha512-g16ybryknNVIr4Qt02a6Z/IAqqTz2DG2AQPe6KxKn2RP5ISH7pa5foWwQBGW444g1aBmN7wSGoouZsY5kILNjA==",
        "dependencies": {}
      }
    }
  },
  "redirects": {
    "https://deno.land/x/canvas/mod.ts": "https://deno.land/x/canvas@v1.4.1/mod.ts"
  },
  "remote": {
    "https://deno.land/std@0.106.0/encoding/base64.ts": "eecae390f1f1d1cae6f6c6d732ede5276bf4b9cd29b1d281678c054dc5cc009e",
    "https://deno.land/x/canvas@v1.4.1/deps.ts": "e956026d98094946166e06d7b799290b732db015813870d84e04e33ab88e98f3",
    "https://deno.land/x/canvas@v1.4.1/mod.ts": "a4e16972647ceafef58612a377a218372454c99d2c9da615a132694597114f80",
    "https://deno.land/x/canvas@v1.4.1/src/base64.ts": "0928031fdba0c43b617154fbe2eb7578366460c04da1422933ae5e936d3d0349",
    "https://deno.land/x/canvas@v1.4.1/src/canvas.ts": "58119999b04f68ebeed2627485c5c24c5b0c029707edde0b6568814f9049a3a8",
    "https://deno.land/x/canvas@v1.4.1/src/canvaskit.ts": "c3d807472cbb3e1d9fc01bb43ff974ef796c4b010178d1595be5fa793cce5e7d",
    "https://deno.land/x/canvas@v1.4.1/src/color_util.ts": "28f1072f0a5acbe7add7fac2f452311a47b44c080806fc4057de2d2e405c6c1c",
    "https://deno.land/x/canvas@v1.4.1/src/lib.js": "bb21711589bfbc8997b455cdf53e3150e23289f3b44809188041b1d2fc7924fa",
    "https://deno.land/x/canvas@v1.4.1/src/types.ts": "67d5800f8f4b0a407e0251676a03ae91b5f50a3ed53e6b72dc5984113cb93128",
    "https://deno.land/x/canvas@v1.4.1/src/wasm.js": "449d72cc14fc4142a5853f944df49a744d852981d09c5515528ede8aebb0afda",
    "https://raw.githubusercontent.com/DjDeveloperr/deno-canvas/061401173af993ce51868f37973685a18d573aa9/deps.ts": "e956026d98094946166e06d7b799290b732db015813870d84e04e33ab88e98f3",
    "https://raw.githubusercontent.com/DjDeveloperr/deno-canvas/061401173af993ce51868f37973685a18d573aa9/mod.ts": "a4e16972647ceafef58612a377a218372454c99d2c9da615a132694597114f80",
    "https://raw.githubusercontent.com/DjDeveloperr/deno-canvas/061401173af993ce51868f37973685a18d573aa9/src/base64.ts": "0928031fdba0c43b617154fbe2eb7578366460c04da1422933ae5e936d3d0349",
    "https://raw.githubusercontent.com/DjDeveloperr/deno-canvas/061401173af993ce51868f37973685a18d573aa9/src/canvas.ts": "58119999b04f68ebeed2627485c5c24c5b0c029707edde0b6568814f9049a3a8",
    "https://raw.githubusercontent.com/DjDeveloperr/deno-canvas/061401173af993ce51868f37973685a18d573aa9/src/canvaskit.ts": "c3d807472cbb3e1d9fc01bb43ff974ef796c4b010178d1595be5fa793cce5e7d",
    "https://raw.githubusercontent.com/DjDeveloperr/deno-canvas/061401173af993ce51868f37973685a18d573aa9/src/color_util.ts": "28f1072f0a5acbe7add7fac2f452311a47b44c080806fc4057de2d2e405c6c1c",
    "https://raw.githubusercontent.com/DjDeveloperr/deno-canvas/061401173af993ce51868f37973685a18d573aa9/src/lib.js": "55c4064064870313439dd7ef5297374cb0cbed2dc815bd064c3ace6e067753b0",
    "https://raw.githubusercontent.com/DjDeveloperr/deno-canvas/061401173af993ce51868f37973685a18d573aa9/src/types.ts": "67d5800f8f4b0a407e0251676a03ae91b5f50a3ed53e6b72dc5984113cb93128",
    "https://raw.githubusercontent.com/DjDeveloperr/deno-canvas/061401173af993ce51868f37973685a18d573aa9/src/wasm.js": "449d72cc14fc4142a5853f944df49a744d852981d09c5515528ede8aebb0afda"
  },
  "workspace": {
    "dependencies": [
      "jsr:@nhttp/nhttp@^2.0.2",
      "jsr:@std/fs@^1.0.4",
      "npm:@prescott/geo-pattern@^1.0.1",
      "npm:@resvg/resvg-js@2.6.2"
    ]
  }
}
